
Microsoft Visual Studio Solution File, Format Version 12.00
# Visual Studio Version 17
VisualStudioVersion = 17.10.35122.118
MinimumVisualStudioVersion = 10.0.40219.1
Project("{FAE04EC0-301F-11D3-BF4B-00C04F79EFBC}") = "WebBanSach", "WebBanSach\WebBanSach.csproj", "{96849C97-59FD-43DE-A78B-2BF94CB8CFDE}"
EndProject
Global
	GlobalSection(SolutionConfigurationPlatforms) = preSolution
		Debug|Any CPU = Debug|Any CPU
		Release|Any CPU = Release|Any CPU
	EndGlobalSection
	GlobalSection(ProjectConfigurationPlatforms) = postSolution
		{96849C97-59FD-43DE-A78B-2BF94CB8CFDE}.Debug|Any CPU.ActiveCfg = Debug|Any CPU
		{96849C97-59FD-43DE-A78B-2BF94CB8CFDE}.Debug|Any CPU.Build.0 = Debug|Any CPU
		{96849C97-59FD-43DE-A78B-2BF94CB8CFDE}.Release|Any CPU.ActiveCfg = Release|Any CPU
		{96849C97-59FD-43DE-A78B-2BF94CB8CFDE}.Release|Any CPU.Build.0 = Release|Any CPU
	EndGlobalSection
	GlobalSection(SolutionProperties) = preSolution
		HideSolutionNode = FALSE
	EndGlobalSection
	GlobalSection(ExtensibilityGlobals) = postSolution
		SolutionGuid = {FDBA0C5C-A3E1-4E0B-93B1-E3334960B8D9}
	EndGlobalSection
EndGlobal
